// !$*UTF8*$!
{
	archiveVersion = 1;
	classes = {
	};
	objectVersion = 50;
	objects = {

/* Begin PBXBuildFile section */
		5A7597302147B4A200164388 /* main.m in Sources */ = {isa = PBXBuildFile; fileRef = 5A75972F2147B4A200164388 /* main.m */; };
		5A7597382147B9DC00164388 /* Request.m in Sources */ = {isa = PBXBuildFile; fileRef = 5A7597372147B9DC00164388 /* Request.m */; };
		B22C7126831D496C48B74E39 /* libPods-CharlesDataMac.a in Frameworks */ = {isa = PBXBuildFile; fileRef = 7FB64AD3041D983690012545 /* libPods-CharlesDataMac.a */; };
/* End PBXBuildFile section */

/* Begin PBXCopyFilesBuildPhase section */
		5A75972A2147B4A200164388 /* CopyFiles */ = {
			isa = PBXCopyFilesBuildPhase;
			buildActionMask = 2147483647;
			dstPath = /usr/share/man/man1/;
			dstSubfolderSpec = 0;
			files = (
			);
			runOnlyForDeploymentPostprocessing = 1;
		};
/* End PBXCopyFilesBuildPhase section */

/* Begin PBXFileReference section */
		5A75972C2147B4A200164388 /* CharlesDataMac */ = {isa = PBXFileReference; explicitFileType = "compiled.mach-o.executable"; includeInIndex = 0; path = CharlesDataMac; sourceTree = BUILT_PRODUCTS_DIR; };
		5A75972F2147B4A200164388 /* main.m */ = {isa = PBXFileReference; lastKnownFileType = sourcecode.c.objc; path = main.m; sourceTree = "<group>"; };
		5A7597362147B9DC00164388 /* Request.h */ = {isa = PBXFileReference; fileEncoding = 4; lastKnownFileType = sourcecode.c.h; path = Request.h; sourceTree = "<group>"; };
		5A7597372147B9DC00164388 /* Request.m */ = {isa = PBXFileReference; fileEncoding = 4; lastKnownFileType = sourcecode.c.objc; path = Request.m; sourceTree = "<group>"; };
		7FB64AD3041D983690012545 /* libPods-CharlesDataMac.a */ = {isa = PBXFileReference; explicitFileType = archive.ar; includeInIndex = 0; path = "libPods-CharlesDataMac.a"; sourceTree = BUILT_PRODUCTS_DIR; };
		ABB5BD8C1C5D4560ED9EEE01 /* Pods-CharlesDataMac.debug.xcconfig */ = {isa = PBXFileReference; includeInIndex = 1; lastKnownFileType = text.xcconfig; name = "Pods-CharlesDataMac.debug.xcconfig"; path = "Pods/Target Support Files/Pods-CharlesDataMac/Pods-CharlesDataMac.debug.xcconfig"; sourceTree = "<group>"; };
		E3409F6C010ADDAB5018FF83 /* Pods-CharlesDataMac.release.xcconfig */ = {isa = PBXFileReference; includeInIndex = 1; lastKnownFileType = text.xcconfig; name = "Pods-CharlesDataMac.release.xcconfig"; path = "Pods/Target Support Files/Pods-CharlesDataMac/Pods-CharlesDataMac.release.xcconfig"; sourceTree = "<group>"; };
/* End PBXFileReference section */

/* Begin PBXFrameworksBuildPhase section */
		5A7597292147B4A200164388 /* Frameworks */ = {
			isa = PBXFrameworksBuildPhase;
			buildActionMask = 2147483647;
			files = (
				B22C7126831D496C48B74E39 /* libPods-CharlesDataMac.a in Frameworks */,
			);
			runOnlyForDeploymentPostprocessing = 0;
		};
/* End PBXFrameworksBuildPhase section */

/* Begin PBXGroup section */
		5A7597232147B4A200164388 = {
			isa = PBXGroup;
			children = (
				5A75972E2147B4A200164388 /* CharlesDataMac */,
				5A75972D2147B4A200164388 /* Products */,
				9D672E45B4231B9A20FD453A /* Pods */,
				5B6A0D7CE156735A2B552872 /* Frameworks */,
			);
			sourceTree = "<group>";
		};
		5A75972D2147B4A200164388 /* Products */ = {
			isa = PBXGroup;
			children = (
				5A75972C2147B4A200164388 /* CharlesDataMac */,
			);
			name = Products;
			sourceTree = "<group>";
		};
		5A75972E2147B4A200164388 /* CharlesDataMac */ = {
			isa = PBXGroup;
			children = (
				5A7597362147B9DC00164388 /* Request.h */,
				5A7597372147B9DC00164388 /* Request.m */,
				5A75972F2147B4A200164388 /* main.m */,
			);
			path = CharlesDataMac;
			sourceTree = "<group>";
		};
		5B6A0D7CE156735A2B552872 /* Frameworks */ = {
			isa = PBXGroup;
			children = (
				7FB64AD3041D983690012545 /* libPods-CharlesDataMac.a */,
			);
			name = Frameworks;
			sourceTree = "<group>";
		};
		9D672E45B4231B9A20FD453A /* Pods */ = {
			isa = PBXGroup;
			children = (
				ABB5BD8C1C5D4560ED9EEE01 /* Pods-CharlesDataMac.debug.xcconfig */,
				E3409F6C010ADDAB5018FF83 /* Pods-CharlesDataMac.release.xcconfig */,
			);
			name = Pods;
			sourceTree = "<group>";
		};
/* End PBXGroup section */

/* Begin PBXNativeTarget section */
		5A75972B2147B4A200164388 /* CharlesDataMac */ = {
			isa = PBXNativeTarget;
			buildConfigurationList = 5A7597332147B4A200164388 /* Build configuration list for PBXNativeTarget "CharlesDataMac" */;
			buildPhases = (
				C381670C6F72F3E3E4B9587E /* [CP] Check Pods Manifest.lock */,
				5A7597282147B4A200164388 /* Sources */,
				5A7597292147B4A200164388 /* Frameworks */,
				5A75972A2147B4A200164388 /* CopyFiles */,
			);
			buildRules = (
			);
			dependencies = (
			);
			name = CharlesDataMac;
			productName = CharlesDataMac;
			productReference = 5A75972C2147B4A200164388 /* CharlesDataMac */;
			productType = "com.apple.product-type.tool";
		};
/* End PBXNativeTarget section */

/* Begin PBXProject section */
		5A7597242147B4A200164388 /* Project object */ = {
			isa = PBXProject;
			attributes = {
				LastUpgradeCheck = 0940;
				ORGANIZATIONNAME = mzying.com;
				TargetAttributes = {
					5A75972B2147B4A200164388 = {
						CreatedOnToolsVersion = 9.4.1;
					};
				};
			};
			buildConfigurationList = 5A7597272147B4A200164388 /* Build configuration list for PBXProject "CharlesDataMac" */;
			compatibilityVersion = "Xcode 9.3";
			developmentRegion = en;
			hasScannedForEncodings = 0;
			knownRegions = (
				en,
			);
			mainGroup = 5A7597232147B4A200164388;
			productRefGroup = 5A75972D2147B4A200164388 /* Products */;
			projectDirPath = "";
			projectRoot = "";
			targets = (
				5A75972B2147B4A200164388 /* CharlesDataMac */,
			);
		};
/* End PBXProject section */

/* Begin PBXShellScriptBuildPhase section */
		C381670C6F72F3E3E4B9587E /* [CP] Check Pods Manifest.lock */ = {
			isa = PBXShellScriptBuildPhase;
			buildActionMask = 2147483647;
			files = (
			);
			inputPaths = (
				"${PODS_PODFILE_DIR_PATH}/Podfile.lock",
				"${PODS_ROOT}/Manifest.lock",
			);
			name = "[CP] Check Pods Manifest.lock";
			outputPaths = (
				"$(DERIVED_FILE_DIR)/Pods-CharlesDataMac-checkManifestLockResult.txt",
			);
			runOnlyForDeploymentPostprocessing = 0;
			shellPath = /bin/sh;
			shellScript = "diff \"${PODS_PODFILE_DIR_PATH}/Podfile.lock\" \"${PODS_ROOT}/Manifest.lock\" > /dev/null\nif [ $? != 0 ] ; then\n    # print error to STDERR\n    echo \"error: The sandbox is not in sync with the Podfile.lock. Run 'pod install' or update your CocoaPods installation.\" >&2\n    exit 1\nfi\n# This output is used by Xcode 'outputs' to avoid re-running this script phase.\necho \"SUCCESS\" > \"${SCRIPT_OUTPUT_FILE_0}\"\n";
			showEnvVarsInLog = 0;
		};
/* End PBXShellScriptBuildPhase section */

/* Begin PBXSourcesBuildPhase section */
		5A7597282147B4A200164388 /* Sources */ = {
			isa = PBXSourcesBuildPhase;
			buildActionMask = 2147483647;
			files = (
				5A7597302147B4A200164388 /* main.m in Sources */,
				5A7597382147B9DC00164388 /* Request.m in Sources */,
			);
			runOnlyForDeploymentPostprocessing = 0;
		};
/* End PBXSourcesBuildPhase section */

/* Begin XCBuildConfiguration section */
		5A7597312147B4A200164388 /* Debug */ = {
			isa = XCBuildConfiguration;
			buildSettings = {
				ALWAYS_SEARCH_USER_PATHS = NO;
				CLANG_ANALYZER_NONNULL = YES;
				CLANG_ANALYZER_NUMBER_OBJECT_CONVERSION = YES_AGGRESSIVE;
				CLANG_CXX_LANGUAGE_STANDARD = "gnu++14";
				CLANG_CXX_LIBRARY = "libc++";
				CLANG_ENABLE_MODULES = YES;
				CLANG_ENABLE_OBJC_ARC = YES;
				CLANG_ENABLE_OBJC_WEAK = YES;
				CLANG_WARN_BLOCK_CAPTURE_AUTORELEASING = YES;
				CLANG_WARN_BOOL_CONVERSION = YES;
				CLANG_WARN_COMMA = YES;
				CLANG_WARN_CONSTANT_CONVERSION = YES;
				CLANG_WARN_DEPRECATED_OBJC_IMPLEMENTATIONS = YES;
				CLANG_WARN_DIRECT_OBJC_ISA_USAGE = YES_ERROR;
				CLANG_WARN_DOCUMENTATION_COMMENTS = YES;
				CLANG_WARN_EMPTY_BODY = YES;
				CLANG_WARN_ENUM_CONVERSION = YES;
				CLANG_WARN_INFINITE_RECURSION = YES;
				CLANG_WARN_INT_CONVERSION = YES;
				CLANG_WARN_NON_LITERAL_NULL_CONVERSION = YES;
				CLANG_WARN_OBJC_IMPLICIT_RETAIN_SELF = YES;
				CLANG_WARN_OBJC_LITERAL_CONVERSION = YES;
				CLANG_WARN_OBJC_ROOT_CLASS = YES_ERROR;
				CLANG_WARN_RANGE_LOOP_ANALYSIS = YES;
				CLANG_WARN_STRICT_PROTOTYPES = YES;
				CLANG_WARN_SUSPICIOUS_MOVE = YES;
				CLANG_WARN_UNGUARDED_AVAILABILITY = YES_AGGRESSIVE;
				CLANG_WARN_UNREACHABLE_CODE = YES;
				CLANG_WARN__DUPLICATE_METHOD_MATCH = YES;
				CODE_SIGN_IDENTITY = "Mac Developer";
				COPY_PHASE_STRIP = NO;
				DEBUG_INFORMATION_FORMAT = dwarf;
				ENABLE_STRICT_OBJC_MSGSEND = YES;
				ENABLE_TESTABILITY = YES;
				GCC_C_LANGUAGE_STANDARD = gnu11;
				GCC_DYNAMIC_NO_PIC = NO;
				GCC_NO_COMMON_BLOCKS = YES;
				GCC_OPTIMIZATION_LEVEL = 0;
				GCC_PREPROCESSOR_DEFINITIONS = (
					"DEBUG=1",
					"$(inherited)",
				);
				GCC_WARN_64_TO_32_BIT_CONVERSION = YES;
				GCC_WARN_ABOUT_RETURN_TYPE = YES_ERROR;
				GCC_WARN_UNDECLARED_SELECTOR = YES;
				GCC_WARN_UNINITIALIZED_AUTOS = YES_AGGRESSIVE;
				GCC_WARN_UNUSED_FUNCTION = YES;
				GCC_WARN_UNUSED_VARIABLE = YES;
				MACOSX_DEPLOYMENT_TARGET = 10.13;
				MTL_ENABLE_DEBUG_INFO = YES;
				ONLY_ACTIVE_ARCH = YES;
				SDKROOT = macosx;
			};
			name = Debug;
		};
		5A7597322147B4A200164388 /* Release */ = {
			isa = XCBuildConfiguration;
			buildSettings = {
				ALWAYS_SEARCH_USER_PATHS = NO;
				CLANG_ANALYZER_NONNULL = YES;
				CLANG_ANALYZER_NUMBER_OBJECT_CONVERSION = YES_AGGRESSIVE;
				CLANG_CXX_LANGUAGE_STANDARD = "gnu++14";
				CLANG_CXX_LIBRARY = "libc++";
				CLANG_ENABLE_MODULES = YES;
				CLANG_ENABLE_OBJC_ARC = YES;
				CLANG_ENABLE_OBJC_WEAK = YES;
				CLANG_WARN_BLOCK_CAPTURE_AUTORELEASING = YES;
				CLANG_WARN_BOOL_CONVERSION = YES;
				CLANG_WARN_COMMA = YES;
				CLANG_WARN_CONSTANT_CONVERSION = YES;
				CLANG_WARN_DEPRECATED_OBJC_IMPLEMENTATIONS = YES;
				CLANG_WARN_DIRECT_OBJC_ISA_USAGE = YES_ERROR;
				CLANG_WARN_DOCUMENTATION_COMMENTS = YES;
				CLANG_WARN_EMPTY_BODY = YES;
				CLANG_WARN_ENUM_CONVERSION = YES;
				CLANG_WARN_INFINITE_RECURSION = YES;
				CLANG_WARN_INT_CONVERSION = YES;
				CLANG_WARN_NON_LITERAL_NULL_CONVERSION = YES;
				CLANG_WARN_OBJC_IMPLICIT_RETAIN_SELF = YES;
				CLANG_WARN_OBJC_LITERAL_CONVERSION = YES;
				CLANG_WARN_OBJC_ROOT_CLASS = YES_ERROR;
				CLANG_WARN_RANGE_LOOP_ANALYSIS = YES;
				CLANG_WARN_STRICT_PROTOTYPES = YES;
				CLANG_WARN_SUSPICIOUS_MOVE = YES;
				CLANG_WARN_UNGUARDED_AVAILABILITY = YES_AGGRESSIVE;
				CLANG_WARN_UNREACHABLE_CODE = YES;
				CLANG_WARN__DUPLICATE_METHOD_MATCH = YES;
				CODE_SIGN_IDENTITY = "Mac Developer";
				COPY_PHASE_STRIP = NO;
				DEBUG_INFORMATION_FORMAT = "dwarf-with-dsym";
				ENABLE_NS_ASSERTIONS = NO;
				ENABLE_STRICT_OBJC_MSGSEND = YES;
				GCC_C_LANGUAGE_STANDARD = gnu11;
				GCC_NO_COMMON_BLOCKS = YES;
				GCC_WARN_64_TO_32_BIT_CONVERSION = YES;
				GCC_WARN_ABOUT_RETURN_TYPE = YES_ERROR;
				GCC_WARN_UNDECLARED_SELECTOR = YES;
				GCC_WARN_UNINITIALIZED_AUTOS = YES_AGGRESSIVE;
				GCC_WARN_UNUSED_FUNCTION = YES;
				GCC_WARN_UNUSED_VARIABLE = YES;
				MACOSX_DEPLOYMENT_TARGET = 10.13;
				MTL_ENABLE_DEBUG_INFO = NO;
				SDKROOT = macosx;
			};
			name = Release;
		};
		5A7597342147B4A200164388 /* Debug */ = {
			isa = XCBuildConfiguration;
			baseConfigurationReference = ABB5BD8C1C5D4560ED9EEE01 /* Pods-CharlesDataMac.debug.xcconfig */;
			buildSettings = {
				CODE_SIGN_STYLE = Automatic;
				DEVELOPMENT_TEAM = 54DXQCSVGS;
				PRODUCT_NAME = "$(TARGET_NAME)";
			};
			name = Debug;
		};
		5A7597352147B4A200164388 /* Release */ = {
			isa = XCBuildConfiguration;
			baseConfigurationReference = E3409F6C010ADDAB5018FF83 /* Pods-CharlesDataMac.release.xcconfig */;
			buildSettings = {
				CODE_SIGN_STYLE = Automatic;
				DEVELOPMENT_TEAM = 54DXQCSVGS;
				PRODUCT_NAME = "$(TARGET_NAME)";
			};
			name = Release;
		};
/* End XCBuildConfiguration section */

/* Begin XCConfigurationList section */
		5A7597272147B4A200164388 /* Build configuration list for PBXProject "CharlesDataMac" */ = {
			isa = XCConfigurationList;
			buildConfigurations = (
				5A7597312147B4A200164388 /* Debug */,
				5A7597322147B4A200164388 /* Release */,
			);
			defaultConfigurationIsVisible = 0;
			defaultConfigurationName = Release;
		};
		5A7597332147B4A200164388 /* Build configuration list for PBXNativeTarget "CharlesDataMac" */ = {
			isa = XCConfigurationList;
			buildConfigurations = (
				5A7597342147B4A200164388 /* Debug */,
				5A7597352147B4A200164388 /* Release */,
			);
			defaultConfigurationIsVisible = 0;
			defaultConfigurationName = Release;
		};
/* End XCConfigurationList section */
	};
	rootObject = 5A7597242147B4A200164388 /* Project object */;
}
